
Microsoft Visual Studio Solution File, Format Version 12.00
# Visual Studio Version 17
VisualStudioVersion = 17.7.34031.279
MinimumVisualStudioVersion = 10.0.40219.1
Project("{FAE04EC0-301F-11D3-BF4B-00C04F79EFBC}") = "Exercise 12 - Loops, Expressions, and Control", "Exercise 12 - Loops, Expressions, and Control.csproj", "{70CCA853-897B-45D7-9B93-4B3F6A1CB02A}"
EndProject
Global
	GlobalSection(SolutionConfigurationPlatforms) = preSolution
		Debug|Any CPU = Debug|Any CPU
		Release|Any CPU = Release|Any CPU
	EndGlobalSection
	GlobalSection(ProjectConfigurationPlatforms) = postSolution
		{70CCA853-897B-45D7-9B93-4B3F6A1CB02A}.Debug|Any CPU.ActiveCfg = Debug|Any CPU
		{70CCA853-897B-45D7-9B93-4B3F6A1CB02A}.Debug|Any CPU.Build.0 = Debug|Any CPU
		{70CCA853-897B-45D7-9B93-4B3F6A1CB02A}.Release|Any CPU.ActiveCfg = Release|Any CPU
		{70CCA853-897B-45D7-9B93-4B3F6A1CB02A}.Release|Any CPU.Build.0 = Release|Any CPU
	EndGlobalSection
	GlobalSection(SolutionProperties) = preSolution
		HideSolutionNode = FALSE
	EndGlobalSection
	GlobalSection(ExtensibilityGlobals) = postSolution
		SolutionGuid = {1062C14E-48C2-4443-BB38-051044DE23D0}
	EndGlobalSection
EndGlobal
