
Microsoft Visual Studio Solution File, Format Version 12.00
# Visual Studio Version 17
VisualStudioVersion = 17.7.34031.279
MinimumVisualStudioVersion = 10.0.40219.1
Project("{FAE04EC0-301F-11D3-BF4B-00C04F79EFBC}") = "Exercise 17 - Loops, Expressions, and Control", "Exercise 17 - Loops, Expressions, and Control.csproj", "{705D4927-824E-496E-9CE2-A6ADEBB9A693}"
EndProject
Global
	GlobalSection(SolutionConfigurationPlatforms) = preSolution
		Debug|Any CPU = Debug|Any CPU
		Release|Any CPU = Release|Any CPU
	EndGlobalSection
	GlobalSection(ProjectConfigurationPlatforms) = postSolution
		{705D4927-824E-496E-9CE2-A6ADEBB9A693}.Debug|Any CPU.ActiveCfg = Debug|Any CPU
		{705D4927-824E-496E-9CE2-A6ADEBB9A693}.Debug|Any CPU.Build.0 = Debug|Any CPU
		{705D4927-824E-496E-9CE2-A6ADEBB9A693}.Release|Any CPU.ActiveCfg = Release|Any CPU
		{705D4927-824E-496E-9CE2-A6ADEBB9A693}.Release|Any CPU.Build.0 = Release|Any CPU
	EndGlobalSection
	GlobalSection(SolutionProperties) = preSolution
		HideSolutionNode = FALSE
	EndGlobalSection
	GlobalSection(ExtensibilityGlobals) = postSolution
		SolutionGuid = {AFD2A5B0-7E32-4837-80FA-B8EFB6A146C1}
	EndGlobalSection
EndGlobal
