
Microsoft Visual Studio Solution File, Format Version 12.00
# Visual Studio Version 17
VisualStudioVersion = 17.7.34031.279
MinimumVisualStudioVersion = 10.0.40219.1
Project("{FAE04EC0-301F-11D3-BF4B-00C04F79EFBC}") = "Exercise 1.2 - Adding a Number to an Integer", "Exercise 1.2 - Adding a Number to an Integer.csproj", "{1B9A9599-A3CC-4F82-95A4-0C49D0700FC5}"
EndProject
Global
	GlobalSection(SolutionConfigurationPlatforms) = preSolution
		Debug|Any CPU = Debug|Any CPU
		Release|Any CPU = Release|Any CPU
	EndGlobalSection
	GlobalSection(ProjectConfigurationPlatforms) = postSolution
		{1B9A9599-A3CC-4F82-95A4-0C49D0700FC5}.Debug|Any CPU.ActiveCfg = Debug|Any CPU
		{1B9A9599-A3CC-4F82-95A4-0C49D0700FC5}.Debug|Any CPU.Build.0 = Debug|Any CPU
		{1B9A9599-A3CC-4F82-95A4-0C49D0700FC5}.Release|Any CPU.ActiveCfg = Release|Any CPU
		{1B9A9599-A3CC-4F82-95A4-0C49D0700FC5}.Release|Any CPU.Build.0 = Release|Any CPU
	EndGlobalSection
	GlobalSection(SolutionProperties) = preSolution
		HideSolutionNode = FALSE
	EndGlobalSection
	GlobalSection(ExtensibilityGlobals) = postSolution
		SolutionGuid = {D2C43D6B-BC86-4305-931B-1137AAAE18A5}
	EndGlobalSection
EndGlobal
