
Microsoft Visual Studio Solution File, Format Version 12.00
# Visual Studio Version 17
VisualStudioVersion = 17.7.34031.279
MinimumVisualStudioVersion = 10.0.40219.1
Project("{FAE04EC0-301F-11D3-BF4B-00C04F79EFBC}") = "Exercise 1.1 - Echo String", "Exercise 1.1 - Echo String.csproj", "{3E3337D7-1CE0-4A47-8478-A60ACEA8C8BD}"
EndProject
Global
	GlobalSection(SolutionConfigurationPlatforms) = preSolution
		Debug|Any CPU = Debug|Any CPU
		Release|Any CPU = Release|Any CPU
	EndGlobalSection
	GlobalSection(ProjectConfigurationPlatforms) = postSolution
		{3E3337D7-1CE0-4A47-8478-A60ACEA8C8BD}.Debug|Any CPU.ActiveCfg = Debug|Any CPU
		{3E3337D7-1CE0-4A47-8478-A60ACEA8C8BD}.Debug|Any CPU.Build.0 = Debug|Any CPU
		{3E3337D7-1CE0-4A47-8478-A60ACEA8C8BD}.Release|Any CPU.ActiveCfg = Release|Any CPU
		{3E3337D7-1CE0-4A47-8478-A60ACEA8C8BD}.Release|Any CPU.Build.0 = Release|Any CPU
	EndGlobalSection
	GlobalSection(SolutionProperties) = preSolution
		HideSolutionNode = FALSE
	EndGlobalSection
	GlobalSection(ExtensibilityGlobals) = postSolution
		SolutionGuid = {38DA8153-DFF7-4092-B77E-E018F9CAD7F6}
	EndGlobalSection
EndGlobal
