
Microsoft Visual Studio Solution File, Format Version 12.00
# Visual Studio Version 17
VisualStudioVersion = 17.7.34031.279
MinimumVisualStudioVersion = 10.0.40219.1
Project("{9A19103F-16F7-4668-BE54-9A1E7A4F7556}") = "Exercise 5.2 - Entering Booleans", "Exercise 5.2 - Entering Booleans.csproj", "{8E1FDE33-3A64-4063-A58D-8F753E70E50B}"
EndProject
Global
	GlobalSection(SolutionConfigurationPlatforms) = preSolution
		Debug|Any CPU = Debug|Any CPU
		Release|Any CPU = Release|Any CPU
	EndGlobalSection
	GlobalSection(ProjectConfigurationPlatforms) = postSolution
		{8E1FDE33-3A64-4063-A58D-8F753E70E50B}.Debug|Any CPU.ActiveCfg = Debug|Any CPU
		{8E1FDE33-3A64-4063-A58D-8F753E70E50B}.Debug|Any CPU.Build.0 = Debug|Any CPU
		{8E1FDE33-3A64-4063-A58D-8F753E70E50B}.Release|Any CPU.ActiveCfg = Release|Any CPU
		{8E1FDE33-3A64-4063-A58D-8F753E70E50B}.Release|Any CPU.Build.0 = Release|Any CPU
	EndGlobalSection
	GlobalSection(SolutionProperties) = preSolution
		HideSolutionNode = FALSE
	EndGlobalSection
	GlobalSection(ExtensibilityGlobals) = postSolution
		SolutionGuid = {462B5A60-631E-43E6-8879-CD3F09476FF6}
	EndGlobalSection
EndGlobal
