
Microsoft Visual Studio Solution File, Format Version 12.00
# Visual Studio Version 17
VisualStudioVersion = 17.7.34031.279
MinimumVisualStudioVersion = 10.0.40219.1
Project("{9A19103F-16F7-4668-BE54-9A1E7A4F7556}") = "Exercise 3 - Adding a Number to a Float", "Exercise 3 - Adding a Number to a Float.csproj", "{1049D222-3B39-4478-A0A5-D79EAACB5DF2}"
EndProject
Global
	GlobalSection(SolutionConfigurationPlatforms) = preSolution
		Debug|Any CPU = Debug|Any CPU
		Release|Any CPU = Release|Any CPU
	EndGlobalSection
	GlobalSection(ProjectConfigurationPlatforms) = postSolution
		{1049D222-3B39-4478-A0A5-D79EAACB5DF2}.Debug|Any CPU.ActiveCfg = Debug|Any CPU
		{1049D222-3B39-4478-A0A5-D79EAACB5DF2}.Debug|Any CPU.Build.0 = Debug|Any CPU
		{1049D222-3B39-4478-A0A5-D79EAACB5DF2}.Release|Any CPU.ActiveCfg = Release|Any CPU
		{1049D222-3B39-4478-A0A5-D79EAACB5DF2}.Release|Any CPU.Build.0 = Release|Any CPU
	EndGlobalSection
	GlobalSection(SolutionProperties) = preSolution
		HideSolutionNode = FALSE
	EndGlobalSection
	GlobalSection(ExtensibilityGlobals) = postSolution
		SolutionGuid = {E37E9218-3DAE-4FCB-8382-B5A5EF348357}
	EndGlobalSection
EndGlobal
